// !$*UTF8*$!
{
	archiveVersion = 1;
	classes = {
	};
	objectVersion = 46;
	objects = {

/* Begin PBXBuildFile section */
		71ABF09F1C59EA0E00A7F359 /* AppDelegate.swift in Sources */ = {isa = PBXBuildFile; fileRef = 71ABF09E1C59EA0E00A7F359 /* AppDelegate.swift */; };
		71ABF0A11C59EA0E00A7F359 /* ViewController.swift in Sources */ = {isa = PBXBuildFile; fileRef = 71ABF0A01C59EA0E00A7F359 /* ViewController.swift */; };
		71ABF0A41C59EA0E00A7F359 /* Main.storyboard in Resources */ = {isa = PBXBuildFile; fileRef = 71ABF0A21C59EA0E00A7F359 /* Main.storyboard */; };
		71ABF0A61C59EA0E00A7F359 /* Assets.xcassets in Resources */ = {isa = PBXBuildFile; fileRef = 71ABF0A51C59EA0E00A7F359 /* Assets.xcassets */; };
		71ABF0A91C59EA0E00A7F359 /* LaunchScreen.storyboard in Resources */ = {isa = PBXBuildFile; fileRef = 71ABF0A71C59EA0E00A7F359 /* LaunchScreen.storyboard */; };
/* End PBXBuildFile section */

/* Begin PBXFileReference section */
		71ABF09B1C59EA0E00A7F359 /* StopWatch.app */ = {isa = PBXFileReference; explicitFileType = wrapper.application; includeInIndex = 0; path = StopWatch.app; sourceTree = BUILT_PRODUCTS_DIR; };
		71ABF09E1C59EA0E00A7F359 /* AppDelegate.swift */ = {isa = PBXFileReference; lastKnownFileType = sourcecode.swift; path = AppDelegate.swift; sourceTree = "<group>"; };
		71ABF0A01C59EA0E00A7F359 /* ViewController.swift */ = {isa = PBXFileReference; lastKnownFileType = sourcecode.swift; path = ViewController.swift; sourceTree = "<group>"; };
		71ABF0A31C59EA0E00A7F359 /* Base */ = {isa = PBXFileReference; lastKnownFileType = file.storyboard; name = Base; path = Base.lproj/Main.storyboard; sourceTree = "<group>"; };
		71ABF0A51C59EA0E00A7F359 /* Assets.xcassets */ = {isa = PBXFileReference; lastKnownFileType = folder.assetcatalog; path = Assets.xcassets; sourceTree = "<group>"; };
		71ABF0A81C59EA0E00A7F359 /* Base */ = {isa = PBXFileReference; lastKnownFileType = file.storyboard; name = Base; path = Base.lproj/LaunchScreen.storyboard; sourceTree = "<group>"; };
		71ABF0AA1C59EA0E00A7F359 /* Info.plist */ = {isa = PBXFileReference; lastKnownFileType = text.plist.xml; path = Info.plist; sourceTree = "<group>"; };
/* End PBXFileReference section */

/* Begin PBXFrameworksBuildPhase section */
		71ABF0981C59EA0E00A7F359 /* Frameworks */ = {
			isa = PBXFrameworksBuildPhase;
			buildActionMask = 2147483647;
			files = (
			);
			runOnlyForDeploymentPostprocessing = 0;
		};
/* End PBXFrameworksBuildPhase section */

/* Begin PBXGroup section */
		71ABF0921C59EA0E00A7F359 = {
			isa = PBXGroup;
			children = (
				71ABF09D1C59EA0E00A7F359 /* StopWatch */,
				71ABF09C1C59EA0E00A7F359 /* Products */,
			);
			sourceTree = "<group>";
		};
		71ABF09C1C59EA0E00A7F359 /* Products */ = {
			isa = PBXGroup;
			children = (
				71ABF09B1C59EA0E00A7F359 /* StopWatch.app */,
			);
			name = Products;
			sourceTree = "<group>";
		};
		71ABF09D1C59EA0E00A7F359 /* StopWatch */ = {
			isa = PBXGroup;
			children = (
				71ABF09E1C59EA0E00A7F359 /* AppDelegate.swift */,
				71ABF0A01C59EA0E00A7F359 /* ViewController.swift */,
				71ABF0A21C59EA0E00A7F359 /* Main.storyboard */,
				71ABF0A51C59EA0E00A7F359 /* Assets.xcassets */,
				71ABF0A71C59EA0E00A7F359 /* LaunchScreen.storyboard */,
				71ABF0AA1C59EA0E00A7F359 /* Info.plist */,
			);
			path = StopWatch;
			sourceTree = "<group>";
		};
/* End PBXGroup section */

/* Begin PBXNativeTarget section */
		71ABF09A1C59EA0E00A7F359 /* StopWatch */ = {
			isa = PBXNativeTarget;
			buildConfigurationList = 71ABF0AD1C59EA0E00A7F359 /* Build configuration list for PBXNativeTarget "StopWatch" */;
			buildPhases = (
				71ABF0971C59EA0E00A7F359 /* Sources */,
				71ABF0981C59EA0E00A7F359 /* Frameworks */,
				71ABF0991C59EA0E00A7F359 /* Resources */,
			);
			buildRules = (
			);
			dependencies = (
			);
			name = StopWatch;
			productName = StopWatch;
			productReference = 71ABF09B1C59EA0E00A7F359 /* StopWatch.app */;
			productType = "com.apple.product-type.application";
		};
/* End PBXNativeTarget section */

/* Begin PBXProject section */
		71ABF0931C59EA0E00A7F359 /* Project object */ = {
			isa = PBXProject;
			attributes = {
				LastSwiftUpdateCheck = 0720;
				LastUpgradeCheck = 0720;
				ORGANIZATIONNAME = Mohak;
				TargetAttributes = {
					71ABF09A1C59EA0E00A7F359 = {
						CreatedOnToolsVersion = 7.2;
					};
				};
			};
			buildConfigurationList = 71ABF0961C59EA0E00A7F359 /* Build configuration list for PBXProject "StopWatch" */;
			compatibilityVersion = "Xcode 3.2";
			developmentRegion = English;
			hasScannedForEncodings = 0;
			knownRegions = (
				en,
				Base,
			);
			mainGroup = 71ABF0921C59EA0E00A7F359;
			productRefGroup = 71ABF09C1C59EA0E00A7F359 /* Products */;
			projectDirPath = "";
			projectRoot = "";
			targets = (
				71ABF09A1C59EA0E00A7F359 /* StopWatch */,
			);
		};
/* End PBXProject section */

/* Begin PBXResourcesBuildPhase section */
		71ABF0991C59EA0E00A7F359 /* Resources */ = {
			isa = PBXResourcesBuildPhase;
			buildActionMask = 2147483647;
			files = (
				71ABF0A91C59EA0E00A7F359 /* LaunchScreen.storyboard in Resources */,
				71ABF0A61C59EA0E00A7F359 /* Assets.xcassets in Resources */,
				71ABF0A41C59EA0E00A7F359 /* Main.storyboard in Resources */,
			);
			runOnlyForDeploymentPostprocessing = 0;
		};
/* End PBXResourcesBuildPhase section */

/* Begin PBXSourcesBuildPhase section */
		71ABF0971C59EA0E00A7F359 /* Sources */ = {
			isa = PBXSourcesBuildPhase;
			buildActionMask = 2147483647;
			files = (
				71ABF0A11C59EA0E00A7F359 /* ViewController.swift in Sources */,
				71ABF09F1C59EA0E00A7F359 /* AppDelegate.swift in Sources */,
			);
			runOnlyForDeploymentPostprocessing = 0;
		};
/* End PBXSourcesBuildPhase section */

/* Begin PBXVariantGroup section */
		71ABF0A21C59EA0E00A7F359 /* Main.storyboard */ = {
			isa = PBXVariantGroup;
			children = (
				71ABF0A31C59EA0E00A7F359 /* Base */,
			);
			name = Main.storyboard;
			sourceTree = "<group>";
		};
		71ABF0A71C59EA0E00A7F359 /* LaunchScreen.storyboard */ = {
			isa = PBXVariantGroup;
			children = (
				71ABF0A81C59EA0E00A7F359 /* Base */,
			);
			name = LaunchScreen.storyboard;
			sourceTree = "<group>";
		};
/* End PBXVariantGroup section */

/* Begin XCBuildConfiguration section */
		71ABF0AB1C59EA0E00A7F359 /* Debug */ = {
			isa = XCBuildConfiguration;
			buildSettings = {
				ALWAYS_SEARCH_USER_PATHS = NO;
				CLANG_CXX_LANGUAGE_STANDARD = "gnu++0x";
				CLANG_CXX_LIBRARY = "libc++";
				CLANG_ENABLE_MODULES = YES;
				CLANG_ENABLE_OBJC_ARC = YES;
				CLANG_WARN_BOOL_CONVERSION = YES;
				CLANG_WARN_CONSTANT_CONVERSION = YES;
				CLANG_WARN_DIRECT_OBJC_ISA_USAGE = YES_ERROR;
				CLANG_WARN_EMPTY_BODY = YES;
				CLANG_WARN_ENUM_CONVERSION = YES;
				CLANG_WARN_INT_CONVERSION = YES;
				CLANG_WARN_OBJC_ROOT_CLASS = YES_ERROR;
				CLANG_WARN_UNREACHABLE_CODE = YES;
				CLANG_WARN__DUPLICATE_METHOD_MATCH = YES;
				"CODE_SIGN_IDENTITY[sdk=iphoneos*]" = "iPhone Developer";
				COPY_PHASE_STRIP = NO;
				DEBUG_INFORMATION_FORMAT = dwarf;
				ENABLE_STRICT_OBJC_MSGSEND = YES;
				ENABLE_TESTABILITY = YES;
				GCC_C_LANGUAGE_STANDARD = gnu99;
				GCC_DYNAMIC_NO_PIC = NO;
				GCC_NO_COMMON_BLOCKS = YES;
				GCC_OPTIMIZATION_LEVEL = 0;
				GCC_PREPROCESSOR_DEFINITIONS = (
					"DEBUG=1",
					"$(inherited)",
				);
				GCC_WARN_64_TO_32_BIT_CONVERSION = YES;
				GCC_WARN_ABOUT_RETURN_TYPE = YES_ERROR;
				GCC_WARN_UNDECLARED_SELECTOR = YES;
				GCC_WARN_UNINITIALIZED_AUTOS = YES_AGGRESSIVE;
				GCC_WARN_UNUSED_FUNCTION = YES;
				GCC_WARN_UNUSED_VARIABLE = YES;
				IPHONEOS_DEPLOYMENT_TARGET = 9.2;
				MTL_ENABLE_DEBUG_INFO = YES;
				ONLY_ACTIVE_ARCH = YES;
				SDKROOT = iphoneos;
				SWIFT_OPTIMIZATION_LEVEL = "-Onone";
			};
			name = Debug;
		};
		71ABF0AC1C59EA0E00A7F359 /* Release */ = {
			isa = XCBuildConfiguration;
			buildSettings = {
				ALWAYS_SEARCH_USER_PATHS = NO;
				CLANG_CXX_LANGUAGE_STANDARD = "gnu++0x";
				CLANG_CXX_LIBRARY = "libc++";
				CLANG_ENABLE_MODULES = YES;
				CLANG_ENABLE_OBJC_ARC = YES;
				CLANG_WARN_BOOL_CONVERSION = YES;
				CLANG_WARN_CONSTANT_CONVERSION = YES;
				CLANG_WARN_DIRECT_OBJC_ISA_USAGE = YES_ERROR;
				CLANG_WARN_EMPTY_BODY = YES;
				CLANG_WARN_ENUM_CONVERSION = YES;
				CLANG_WARN_INT_CONVERSION = YES;
				CLANG_WARN_OBJC_ROOT_CLASS = YES_ERROR;
				CLANG_WARN_UNREACHABLE_CODE = YES;
				CLANG_WARN__DUPLICATE_METHOD_MATCH = YES;
				"CODE_SIGN_IDENTITY[sdk=iphoneos*]" = "iPhone Developer";
				COPY_PHASE_STRIP = NO;
				DEBUG_INFORMATION_FORMAT = "dwarf-with-dsym";
				ENABLE_NS_ASSERTIONS = NO;
				ENABLE_STRICT_OBJC_MSGSEND = YES;
				GCC_C_LANGUAGE_STANDARD = gnu99;
				GCC_NO_COMMON_BLOCKS = YES;
				GCC_WARN_64_TO_32_BIT_CONVERSION = YES;
				GCC_WARN_ABOUT_RETURN_TYPE = YES_ERROR;
				GCC_WARN_UNDECLARED_SELECTOR = YES;
				GCC_WARN_UNINITIALIZED_AUTOS = YES_AGGRESSIVE;
				GCC_WARN_UNUSED_FUNCTION = YES;
				GCC_WARN_UNUSED_VARIABLE = YES;
				IPHONEOS_DEPLOYMENT_TARGET = 9.2;
				MTL_ENABLE_DEBUG_INFO = NO;
				SDKROOT = iphoneos;
				VALIDATE_PRODUCT = YES;
			};
			name = Release;
		};
		71ABF0AE1C59EA0E00A7F359 /* Debug */ = {
			isa = XCBuildConfiguration;
			buildSettings = {
				ASSETCATALOG_COMPILER_APPICON_NAME = AppIcon;
				INFOPLIST_FILE = StopWatch/Info.plist;
				LD_RUNPATH_SEARCH_PATHS = "$(inherited) @executable_path/Frameworks";
				PRODUCT_BUNDLE_IDENTIFIER = com.mohak.StopWatch;
				PRODUCT_NAME = "$(TARGET_NAME)";
			};
			name = Debug;
		};
		71ABF0AF1C59EA0E00A7F359 /* Release */ = {
			isa = XCBuildConfiguration;
			buildSettings = {
				ASSETCATALOG_COMPILER_APPICON_NAME = AppIcon;
				INFOPLIST_FILE = StopWatch/Info.plist;
				LD_RUNPATH_SEARCH_PATHS = "$(inherited) @executable_path/Frameworks";
				PRODUCT_BUNDLE_IDENTIFIER = com.mohak.StopWatch;
				PRODUCT_NAME = "$(TARGET_NAME)";
			};
			name = Release;
		};
/* End XCBuildConfiguration section */

/* Begin XCConfigurationList section */
		71ABF0961C59EA0E00A7F359 /* Build configuration list for PBXProject "StopWatch" */ = {
			isa = XCConfigurationList;
			buildConfigurations = (
				71ABF0AB1C59EA0E00A7F359 /* Debug */,
				71ABF0AC1C59EA0E00A7F359 /* Release */,
			);
			defaultConfigurationIsVisible = 0;
			defaultConfigurationName = Release;
		};
		71ABF0AD1C59EA0E00A7F359 /* Build configuration list for PBXNativeTarget "StopWatch" */ = {
			isa = XCConfigurationList;
			buildConfigurations = (
				71ABF0AE1C59EA0E00A7F359 /* Debug */,
				71ABF0AF1C59EA0E00A7F359 /* Release */,
			);
			defaultConfigurationIsVisible = 0;
		};
/* End XCConfigurationList section */
	};
	rootObject = 71ABF0931C59EA0E00A7F359 /* Project object */;
}
